# THIS IS AN AUTOGENERATED FILE. DO NOT EDIT THIS FILE DIRECTLY.
# yarn lockfile v1


"@antora/asciidoc-loader@3.1.7":
  version "3.1.7"
  resolved "https://registry.yarnpkg.com/@antora/asciidoc-loader/-/asciidoc-loader-3.1.7.tgz#86b1e278333b193ace457fed15c90ec1af416cdd"
  dependencies:
    "@antora/logger" "3.1.7"
    "@antora/user-require-helper" "~2.0"
    "@asciidoctor/core" "~2.2"

"@antora/cli@^3.1.7":
  version "3.1.7"
  resolved "https://registry.yarnpkg.com/@antora/cli/-/cli-3.1.7.tgz#8d80d83328793281f8f0b525020e761115accb49"
  dependencies:
    "@antora/logger" "3.1.7"
    "@antora/playbook-builder" "3.1.7"
    "@antora/user-require-helper" "~2.0"
    commander "~10.0"

"@antora/content-aggregator@3.1.7":
  version "3.1.7"
  resolved "https://registry.yarnpkg.com/@antora/content-aggregator/-/content-aggregator-3.1.7.tgz#7458f428afcbf2bc7b63014349b1305cd14ea60c"
  dependencies:
    "@antora/expand-path-helper" "~2.0"
    "@antora/logger" "3.1.7"
    "@antora/user-require-helper" "~2.0"
    braces "~3.0"
    cache-directory "~2.0"
    glob-stream "~7.0"
    hpagent "~1.2"
    isomorphic-git "~1.25"
    js-yaml "~4.1"
    multi-progress "~4.0"
    picomatch "~2.3"
    progress "~2.0"
    should-proxy "~1.0"
    simple-get "~4.0"
    vinyl "~2.2"

"@antora/content-classifier@3.1.7":
  version "3.1.7"
  resolved "https://registry.yarnpkg.com/@antora/content-classifier/-/content-classifier-3.1.7.tgz#fee84c32e07cb0ea82a1902ba2c0cf02ce995095"
  dependencies:
    "@antora/asciidoc-loader" "3.1.7"
    "@antora/logger" "3.1.7"
    mime-types "~2.1"
    vinyl "~2.2"

"@antora/document-converter@3.1.7":
  version "3.1.7"
  resolved "https://registry.yarnpkg.com/@antora/document-converter/-/document-converter-3.1.7.tgz#6c0d4147a411d58ea129c143cc029bb667e16baa"
  dependencies:
    "@antora/asciidoc-loader" "3.1.7"

"@antora/expand-path-helper@~2.0":
  version "2.0.0"
  resolved "https://registry.npmjs.org/@antora/expand-path-helper/-/expand-path-helper-2.0.0.tgz"

"@antora/file-publisher@3.1.7":
  version "3.1.7"
  resolved "https://registry.yarnpkg.com/@antora/file-publisher/-/file-publisher-3.1.7.tgz#a2da1127812f11e409bd13f53001fabd700075a6"
  dependencies:
    "@antora/expand-path-helper" "~2.0"
    "@antora/user-require-helper" "~2.0"
    "@vscode/gulp-vinyl-zip" "~2.5"
    vinyl "~2.2"
    vinyl-fs "~3.0"

"@antora/logger@3.1.7":
  version "3.1.7"
  resolved "https://registry.yarnpkg.com/@antora/logger/-/logger-3.1.7.tgz#323d76222c49805076b2e06b7f428175d9ff8dd8"
  dependencies:
    "@antora/expand-path-helper" "~2.0"
    pino "~8.14"
    pino-pretty "~10.0"
    sonic-boom "~3.3"

"@antora/navigation-builder@3.1.7":
  version "3.1.7"
  resolved "https://registry.yarnpkg.com/@antora/navigation-builder/-/navigation-builder-3.1.7.tgz#cfab567fc15e82cb12e14171cb20eac51dc0a3bc"
  dependencies:
    "@antora/asciidoc-loader" "3.1.7"

"@antora/page-composer@3.1.7":
  version "3.1.7"
  resolved "https://registry.yarnpkg.com/@antora/page-composer/-/page-composer-3.1.7.tgz#fb7909df287b3d42ce655025b9f979e97b86e97b"
  dependencies:
    "@antora/logger" "3.1.7"
    handlebars "~4.7"
    require-from-string "~2.0"

"@antora/playbook-builder@3.1.7":
  version "3.1.7"
  resolved "https://registry.yarnpkg.com/@antora/playbook-builder/-/playbook-builder-3.1.7.tgz#1f47399faa9a44cd08fde8a383b2b26d3c00179b"
  dependencies:
    "@iarna/toml" "~2.2"
    convict "~6.2"
    js-yaml "~4.1"
    json5 "~2.2"

"@antora/redirect-producer@3.1.7":
  version "3.1.7"
  resolved "https://registry.yarnpkg.com/@antora/redirect-producer/-/redirect-producer-3.1.7.tgz#0d61f283492922404a99b75b94d4657ff5569f48"
  dependencies:
    vinyl "~2.2"

"@antora/site-generator-default@^3.1.7":
  version "3.1.7"
  resolved "https://registry.yarnpkg.com/@antora/site-generator-default/-/site-generator-default-3.1.7.tgz#745f28030922b621c409f698d09a1956503b4237"
  dependencies:
    "@antora/site-generator" "3.1.7"

"@antora/site-generator@3.1.7":
  version "3.1.7"
  resolved "https://registry.yarnpkg.com/@antora/site-generator/-/site-generator-3.1.7.tgz#0f12dab5e6a5784ff1b58527ed1b357880d6d7ba"
  dependencies:
    "@antora/asciidoc-loader" "3.1.7"
    "@antora/content-aggregator" "3.1.7"
    "@antora/content-classifier" "3.1.7"
    "@antora/document-converter" "3.1.7"
    "@antora/file-publisher" "3.1.7"
    "@antora/logger" "3.1.7"
    "@antora/navigation-builder" "3.1.7"
    "@antora/page-composer" "3.1.7"
    "@antora/playbook-builder" "3.1.7"
    "@antora/redirect-producer" "3.1.7"
    "@antora/site-mapper" "3.1.7"
    "@antora/site-publisher" "3.1.7"
    "@antora/ui-loader" "3.1.7"
    "@antora/user-require-helper" "~2.0"

"@antora/site-mapper@3.1.7":
  version "3.1.7"
  resolved "https://registry.yarnpkg.com/@antora/site-mapper/-/site-mapper-3.1.7.tgz#4cf9b33c107162e51338e0f1caa50d3555cdaad4"
  dependencies:
    "@antora/content-classifier" "3.1.7"
    vinyl "~2.2"

"@antora/site-publisher@3.1.7":
  version "3.1.7"
  resolved "https://registry.yarnpkg.com/@antora/site-publisher/-/site-publisher-3.1.7.tgz#0de42f80a581cd6391c4e4de152c9e73aa864510"
  dependencies:
    "@antora/file-publisher" "3.1.7"

"@antora/ui-loader@3.1.7":
  version "3.1.7"
  resolved "https://registry.yarnpkg.com/@antora/ui-loader/-/ui-loader-3.1.7.tgz#09a7f2e3917fdc0dbdeba76f4199b0e7792bfe39"
  dependencies:
    "@antora/expand-path-helper" "~2.0"
    "@vscode/gulp-vinyl-zip" "~2.5"
    braces "~3.0"
    cache-directory "~2.0"
    glob-stream "~7.0"
    hpagent "~1.2"
    js-yaml "~4.1"
    picomatch "~2.3"
    should-proxy "~1.0"
    simple-get "~4.0"
    vinyl "~2.2"

"@antora/user-require-helper@~2.0":
  version "2.0.0"
  resolved "https://registry.npmjs.org/@antora/user-require-helper/-/user-require-helper-2.0.0.tgz"
  dependencies:
    "@antora/expand-path-helper" "~2.0"

"@asciidoctor/core@~2.2":
  version "2.2.6"
  resolved "https://registry.npmjs.org/@asciidoctor/core/-/core-2.2.6.tgz"
  dependencies:
    asciidoctor-opal-runtime "0.3.3"
    unxhr "1.0.1"

"@iarna/toml@~2.2":
  version "2.2.5"
  resolved "https://registry.npmjs.org/@iarna/toml/-/toml-2.2.5.tgz"

"@neo4j-antora/antora-add-notes@^0.3.1":
  version "0.3.1"
  resolved "https://registry.npmjs.org/@neo4j-antora/antora-add-notes/-/antora-add-notes-0.3.1.tgz"

"@neo4j-antora/antora-modify-sitemaps@^0.4.4":
  version "0.4.4"
  resolved "https://registry.npmjs.org/@neo4j-antora/antora-modify-sitemaps/-/antora-modify-sitemaps-0.4.4.tgz"

"@neo4j-antora/antora-table-footnotes@^0.3.2":
  version "0.3.2"
  resolved "https://registry.npmjs.org/@neo4j-antora/antora-table-footnotes/-/antora-table-footnotes-0.3.2.tgz"

"@neo4j-documentation/macros@^1.0.2":
  version "1.0.2"
  resolved "https://registry.npmjs.org/@neo4j-documentation/macros/-/macros-1.0.2.tgz"

"@neo4j-documentation/remote-include@^1.0.0":
  version "1.0.0"
  resolved "https://registry.npmjs.org/@neo4j-documentation/remote-include/-/remote-include-1.0.0.tgz"

"@vscode/gulp-vinyl-zip@~2.5":
  version "2.5.0"
  resolved "https://registry.npmjs.org/@vscode/gulp-vinyl-zip/-/gulp-vinyl-zip-2.5.0.tgz"
  dependencies:
    queue "^4.2.1"
    through "^2.3.8"
    through2 "^2.0.3"
    vinyl "^2.0.2"
    vinyl-fs "^3.0.3"
    yauzl "^2.2.1"
    yazl "^2.2.1"

abbrev@1:
  version "1.1.1"
  resolved "https://registry.npmjs.org/abbrev/-/abbrev-1.1.1.tgz"

abort-controller@^3.0.0:
  version "3.0.0"
  resolved "https://registry.npmjs.org/abort-controller/-/abort-controller-3.0.0.tgz"
  dependencies:
    event-target-shim "^5.0.0"

accepts@~1.3.8:
  version "1.3.8"
  resolved "https://registry.npmjs.org/accepts/-/accepts-1.3.8.tgz"
  dependencies:
    mime-types "~2.1.34"
    negotiator "0.6.3"

anymatch@~3.1.2:
  version "3.1.2"
  resolved "https://registry.npmjs.org/anymatch/-/anymatch-3.1.2.tgz"
  dependencies:
    normalize-path "^3.0.0"
    picomatch "^2.0.4"

append-buffer@^1.0.2:
  version "1.0.2"
  resolved "https://registry.npmjs.org/append-buffer/-/append-buffer-1.0.2.tgz"
  dependencies:
    buffer-equal "^1.0.0"

argparse@^2.0.1:
  version "2.0.1"
  resolved "https://registry.npmjs.org/argparse/-/argparse-2.0.1.tgz"

array-flatten@1.1.1:
  version "1.1.1"
  resolved "https://registry.npmjs.org/array-flatten/-/array-flatten-1.1.1.tgz"

asciidoctor-opal-runtime@0.3.3:
  version "0.3.3"
  resolved "https://registry.npmjs.org/asciidoctor-opal-runtime/-/asciidoctor-opal-runtime-0.3.3.tgz"
  dependencies:
    glob "7.1.3"
    unxhr "1.0.1"

async-lock@^1.1.0:
  version "1.4.0"
  resolved "https://registry.npmjs.org/async-lock/-/async-lock-1.4.0.tgz"

atomic-sleep@^1.0.0:
  version "1.0.0"
  resolved "https://registry.npmjs.org/atomic-sleep/-/atomic-sleep-1.0.0.tgz"

balanced-match@^1.0.0:
  version "1.0.2"
  resolved "https://registry.npmjs.org/balanced-match/-/balanced-match-1.0.2.tgz"

base64-js@^1.3.1:
  version "1.5.1"
  resolved "https://registry.npmjs.org/base64-js/-/base64-js-1.5.1.tgz"

binary-extensions@^2.0.0:
  version "2.2.0"
  resolved "https://registry.npmjs.org/binary-extensions/-/binary-extensions-2.2.0.tgz"

body-parser@1.20.1:
  version "1.20.1"
  resolved "https://registry.npmjs.org/body-parser/-/body-parser-1.20.1.tgz"
  dependencies:
    bytes "3.1.2"
    content-type "~1.0.4"
    debug "2.6.9"
    depd "2.0.0"
    destroy "1.2.0"
    http-errors "2.0.0"
    iconv-lite "0.4.24"
    on-finished "2.4.1"
    qs "6.11.0"
    raw-body "2.5.1"
    type-is "~1.6.18"
    unpipe "1.0.0"

brace-expansion@^1.1.7:
  version "1.1.11"
  resolved "https://registry.npmjs.org/brace-expansion/-/brace-expansion-1.1.11.tgz"
  dependencies:
    balanced-match "^1.0.0"
    concat-map "0.0.1"

brace-expansion@^2.0.1:
  version "2.0.1"
  resolved "https://registry.npmjs.org/brace-expansion/-/brace-expansion-2.0.1.tgz"
  dependencies:
    balanced-match "^1.0.0"

braces@~3.0, braces@~3.0.2:
  version "3.0.2"
  resolved "https://registry.npmjs.org/braces/-/braces-3.0.2.tgz"
  dependencies:
    fill-range "^7.0.1"

buffer-crc32@~0.2.3:
  version "0.2.13"
  resolved "https://registry.npmjs.org/buffer-crc32/-/buffer-crc32-0.2.13.tgz"

buffer-equal@^1.0.0:
  version "1.0.1"
  resolved "https://registry.npmjs.org/buffer-equal/-/buffer-equal-1.0.1.tgz"

buffer@^6.0.3:
  version "6.0.3"
  resolved "https://registry.npmjs.org/buffer/-/buffer-6.0.3.tgz"
  dependencies:
    base64-js "^1.3.1"
    ieee754 "^1.2.1"

bytes@3.1.2:
  version "3.1.2"
  resolved "https://registry.npmjs.org/bytes/-/bytes-3.1.2.tgz"

cache-directory@~2.0:
  version "2.0.0"
  resolved "https://registry.npmjs.org/cache-directory/-/cache-directory-2.0.0.tgz"
  dependencies:
    xdg-basedir "^3.0.0"

call-bind@^1.0.0, call-bind@^1.0.5:
  version "1.0.5"
  resolved "https://registry.npmjs.org/call-bind/-/call-bind-1.0.5.tgz"
  dependencies:
    function-bind "^1.1.2"
    get-intrinsic "^1.2.1"
    set-function-length "^1.1.1"

chokidar@^3.5.2:
  version "3.5.3"
  resolved "https://registry.npmjs.org/chokidar/-/chokidar-3.5.3.tgz"
  dependencies:
    anymatch "~3.1.2"
    braces "~3.0.2"
    glob-parent "~5.1.2"
    is-binary-path "~2.1.0"
    is-glob "~4.0.1"
    normalize-path "~3.0.0"
    readdirp "~3.6.0"
  optionalDependencies:
    fsevents "~2.3.2"

clean-git-ref@^2.0.1:
  version "2.0.1"
  resolved "https://registry.npmjs.org/clean-git-ref/-/clean-git-ref-2.0.1.tgz"

clone-buffer@^1.0.0:
  version "1.0.0"
  resolved "https://registry.npmjs.org/clone-buffer/-/clone-buffer-1.0.0.tgz"

clone-stats@^1.0.0:
  version "1.0.0"
  resolved "https://registry.npmjs.org/clone-stats/-/clone-stats-1.0.0.tgz"

clone@^2.1.1:
  version "2.1.2"
  resolved "https://registry.npmjs.org/clone/-/clone-2.1.2.tgz"

cloneable-readable@^1.0.0:
  version "1.1.3"
  resolved "https://registry.npmjs.org/cloneable-readable/-/cloneable-readable-1.1.3.tgz"
  dependencies:
    inherits "^2.0.1"
    process-nextick-args "^2.0.0"
    readable-stream "^2.3.5"

colorette@^2.0.7:
  version "2.0.20"
  resolved "https://registry.npmjs.org/colorette/-/colorette-2.0.20.tgz"

commander@~10.0:
  version "10.0.1"
  resolved "https://registry.npmjs.org/commander/-/commander-10.0.1.tgz"

concat-map@0.0.1:
  version "0.0.1"
  resolved "https://registry.npmjs.org/concat-map/-/concat-map-0.0.1.tgz"

content-disposition@0.5.4:
  version "0.5.4"
  resolved "https://registry.npmjs.org/content-disposition/-/content-disposition-0.5.4.tgz"
  dependencies:
    safe-buffer "5.2.1"

content-type@~1.0.4:
  version "1.0.5"
  resolved "https://registry.npmjs.org/content-type/-/content-type-1.0.5.tgz"

convert-source-map@^1.5.0:
  version "1.9.0"
  resolved "https://registry.npmjs.org/convert-source-map/-/convert-source-map-1.9.0.tgz"

convict@~6.2:
  version "6.2.4"
  resolved "https://registry.npmjs.org/convict/-/convict-6.2.4.tgz"
  dependencies:
    lodash.clonedeep "^4.5.0"
    yargs-parser "^20.2.7"

cookie-signature@1.0.6:
  version "1.0.6"
  resolved "https://registry.npmjs.org/cookie-signature/-/cookie-signature-1.0.6.tgz"

cookie@0.5.0:
  version "0.5.0"
  resolved "https://registry.npmjs.org/cookie/-/cookie-0.5.0.tgz"

core-util-is@~1.0.0:
  version "1.0.3"
  resolved "https://registry.npmjs.org/core-util-is/-/core-util-is-1.0.3.tgz"

crc-32@^1.2.0:
  version "1.2.2"
  resolved "https://registry.npmjs.org/crc-32/-/crc-32-1.2.2.tgz"

dateformat@^4.6.3:
  version "4.6.3"
  resolved "https://registry.npmjs.org/dateformat/-/dateformat-4.6.3.tgz"

debug@2.6.9:
  version "2.6.9"
  resolved "https://registry.npmjs.org/debug/-/debug-2.6.9.tgz"
  dependencies:
    ms "2.0.0"

debug@^4:
  version "4.3.4"
  resolved "https://registry.npmjs.org/debug/-/debug-4.3.4.tgz"
  dependencies:
    ms "2.1.2"

decompress-response@^6.0.0:
  version "6.0.0"
  resolved "https://registry.npmjs.org/decompress-response/-/decompress-response-6.0.0.tgz"
  dependencies:
    mimic-response "^3.1.0"

define-data-property@^1.0.1, define-data-property@^1.1.1:
  version "1.1.1"
  resolved "https://registry.npmjs.org/define-data-property/-/define-data-property-1.1.1.tgz"
  dependencies:
    get-intrinsic "^1.2.1"
    gopd "^1.0.1"
    has-property-descriptors "^1.0.0"

define-properties@^1.2.1:
  version "1.2.1"
  resolved "https://registry.npmjs.org/define-properties/-/define-properties-1.2.1.tgz"
  dependencies:
    define-data-property "^1.0.1"
    has-property-descriptors "^1.0.0"
    object-keys "^1.1.1"

depd@2.0.0:
  version "2.0.0"
  resolved "https://registry.npmjs.org/depd/-/depd-2.0.0.tgz"

destroy@1.2.0:
  version "1.2.0"
  resolved "https://registry.npmjs.org/destroy/-/destroy-1.2.0.tgz"

diff3@0.0.3:
  version "0.0.3"
  resolved "https://registry.npmjs.org/diff3/-/diff3-0.0.3.tgz"

duplexify@^3.6.0:
  version "3.7.1"
  resolved "https://registry.npmjs.org/duplexify/-/duplexify-3.7.1.tgz"
  dependencies:
    end-of-stream "^1.0.0"
    inherits "^2.0.1"
    readable-stream "^2.0.0"
    stream-shift "^1.0.0"

duplexify@^4.1.1:
  version "4.1.2"
  resolved "https://registry.npmjs.org/duplexify/-/duplexify-4.1.2.tgz"
  dependencies:
    end-of-stream "^1.4.1"
    inherits "^2.0.3"
    readable-stream "^3.1.1"
    stream-shift "^1.0.0"

ee-first@1.1.1:
  version "1.1.1"
  resolved "https://registry.npmjs.org/ee-first/-/ee-first-1.1.1.tgz"

encodeurl@~1.0.2:
  version "1.0.2"
  resolved "https://registry.npmjs.org/encodeurl/-/encodeurl-1.0.2.tgz"

end-of-stream@^1.0.0, end-of-stream@^1.1.0, end-of-stream@^1.4.1:
  version "1.4.4"
  resolved "https://registry.npmjs.org/end-of-stream/-/end-of-stream-1.4.4.tgz"
  dependencies:
    once "^1.4.0"

escape-html@~1.0.3:
  version "1.0.3"
  resolved "https://registry.npmjs.org/escape-html/-/escape-html-1.0.3.tgz"

etag@~1.8.1:
  version "1.8.1"
  resolved "https://registry.npmjs.org/etag/-/etag-1.8.1.tgz"

event-target-shim@^5.0.0:
  version "5.0.1"
  resolved "https://registry.npmjs.org/event-target-shim/-/event-target-shim-5.0.1.tgz"

events@^3.3.0:
  version "3.3.0"
  resolved "https://registry.npmjs.org/events/-/events-3.3.0.tgz"

express@^4.18.2:
  version "4.18.2"
  resolved "https://registry.npmjs.org/express/-/express-4.18.2.tgz"
  dependencies:
    accepts "~1.3.8"
    array-flatten "1.1.1"
    body-parser "1.20.1"
    content-disposition "0.5.4"
    content-type "~1.0.4"
    cookie "0.5.0"
    cookie-signature "1.0.6"
    debug "2.6.9"
    depd "2.0.0"
    encodeurl "~1.0.2"
    escape-html "~1.0.3"
    etag "~1.8.1"
    finalhandler "1.2.0"
    fresh "0.5.2"
    http-errors "2.0.0"
    merge-descriptors "1.0.1"
    methods "~1.1.2"
    on-finished "2.4.1"
    parseurl "~1.3.3"
    path-to-regexp "0.1.7"
    proxy-addr "~2.0.7"
    qs "6.11.0"
    range-parser "~1.2.1"
    safe-buffer "5.2.1"
    send "0.18.0"
    serve-static "1.15.0"
    setprototypeof "1.2.0"
    statuses "2.0.1"
    type-is "~1.6.18"
    utils-merge "1.0.1"
    vary "~1.1.2"

extend@^3.0.0, extend@^3.0.2:
  version "3.0.2"
  resolved "https://registry.npmjs.org/extend/-/extend-3.0.2.tgz"

fast-copy@^3.0.0:
  version "3.0.1"
  resolved "https://registry.npmjs.org/fast-copy/-/fast-copy-3.0.1.tgz"

fast-redact@^3.1.1:
  version "3.3.0"
  resolved "https://registry.npmjs.org/fast-redact/-/fast-redact-3.3.0.tgz"

fast-safe-stringify@^2.1.1:
  version "2.1.1"
  resolved "https://registry.npmjs.org/fast-safe-stringify/-/fast-safe-stringify-2.1.1.tgz"

fd-slicer@~1.1.0:
  version "1.1.0"
  resolved "https://registry.npmjs.org/fd-slicer/-/fd-slicer-1.1.0.tgz"
  dependencies:
    pend "~1.2.0"

fill-range@^7.0.1:
  version "7.0.1"
  resolved "https://registry.npmjs.org/fill-range/-/fill-range-7.0.1.tgz"
  dependencies:
    to-regex-range "^5.0.1"

finalhandler@1.2.0:
  version "1.2.0"
  resolved "https://registry.npmjs.org/finalhandler/-/finalhandler-1.2.0.tgz"
  dependencies:
    debug "2.6.9"
    encodeurl "~1.0.2"
    escape-html "~1.0.3"
    on-finished "2.4.1"
    parseurl "~1.3.3"
    statuses "2.0.1"
    unpipe "~1.0.0"

flush-write-stream@^1.0.2:
  version "1.1.1"
  resolved "https://registry.npmjs.org/flush-write-stream/-/flush-write-stream-1.1.1.tgz"
  dependencies:
    inherits "^2.0.3"
    readable-stream "^2.3.6"

forwarded@0.2.0:
  version "0.2.0"
  resolved "https://registry.npmjs.org/forwarded/-/forwarded-0.2.0.tgz"

fresh@0.5.2:
  version "0.5.2"
  resolved "https://registry.npmjs.org/fresh/-/fresh-0.5.2.tgz"

fs-mkdirp-stream@^1.0.0:
  version "1.0.0"
  resolved "https://registry.npmjs.org/fs-mkdirp-stream/-/fs-mkdirp-stream-1.0.0.tgz"
  dependencies:
    graceful-fs "^4.1.11"
    through2 "^2.0.3"

fs.realpath@^1.0.0:
  version "1.0.0"
  resolved "https://registry.npmjs.org/fs.realpath/-/fs.realpath-1.0.0.tgz"

fsevents@~2.3.2:
  version "2.3.2"
  resolved "https://registry.npmjs.org/fsevents/-/fsevents-2.3.2.tgz"

function-bind@^1.1.2:
  version "1.1.2"
  resolved "https://registry.npmjs.org/function-bind/-/function-bind-1.1.2.tgz"

get-intrinsic@^1.0.2, get-intrinsic@^1.1.3, get-intrinsic@^1.2.1, get-intrinsic@^1.2.2:
  version "1.2.2"
  resolved "https://registry.npmjs.org/get-intrinsic/-/get-intrinsic-1.2.2.tgz"
  dependencies:
    function-bind "^1.1.2"
    has-proto "^1.0.1"
    has-symbols "^1.0.3"
    hasown "^2.0.0"

glob-parent@^3.1.0:
  version "3.1.0"
  resolved "https://registry.yarnpkg.com/glob-parent/-/glob-parent-3.1.0.tgz#9e6af6299d8d3bd2bd40430832bd113df906c5ae"
  dependencies:
    is-glob "^3.1.0"
    path-dirname "^1.0.0"

glob-parent@^6.0.2:
  version "6.0.2"
  resolved "https://registry.yarnpkg.com/glob-parent/-/glob-parent-6.0.2.tgz#6d237d99083950c79290f24c7642a3de9a28f9e3"
  dependencies:
    is-glob "^4.0.3"

glob-parent@~5.1.2:
  version "5.1.2"
  resolved "https://registry.npmjs.org/glob-parent/-/glob-parent-5.1.2.tgz"
  dependencies:
    is-glob "^4.0.1"

glob-stream@^6.1.0:
  version "6.1.0"
  resolved "https://registry.npmjs.org/glob-stream/-/glob-stream-6.1.0.tgz"
  dependencies:
    extend "^3.0.0"
    glob "^7.1.1"
    glob-parent "^3.1.0"
    is-negated-glob "^1.0.0"
    ordered-read-streams "^1.0.0"
    pumpify "^1.3.5"
    readable-stream "^2.1.5"
    remove-trailing-separator "^1.0.1"
    to-absolute-glob "^2.0.0"
    unique-stream "^2.0.2"

glob-stream@~7.0:
  version "7.0.0"
  resolved "https://registry.npmjs.org/glob-stream/-/glob-stream-7.0.0.tgz"
  dependencies:
    extend "^3.0.2"
    glob "^7.2.0"
    glob-parent "^6.0.2"
    is-negated-glob "^1.0.0"
    ordered-read-streams "^1.0.1"
    pumpify "^2.0.1"
    readable-stream "^3.6.0"
    remove-trailing-separator "^1.1.0"
    to-absolute-glob "^2.0.2"
    unique-stream "^2.3.1"

glob@7.1.3, glob@^7.1.1:
  version "7.1.3"
  resolved "https://registry.npmjs.org/glob/-/glob-7.1.3.tgz"
  dependencies:
    fs.realpath "^1.0.0"
    inflight "^1.0.4"
    inherits "2"
    minimatch "^3.0.4"
    once "^1.3.0"
    path-is-absolute "^1.0.0"

glob@^7.2.0:
  version "7.2.3"
  resolved "https://registry.npmjs.org/glob/-/glob-7.2.3.tgz"
  dependencies:
    fs.realpath "^1.0.0"
    inflight "^1.0.4"
    inherits "2"
    minimatch "^3.1.1"
    once "^1.3.0"
    path-is-absolute "^1.0.0"

glob@^8.0.0:
  version "8.1.0"
  resolved "https://registry.npmjs.org/glob/-/glob-8.1.0.tgz"
  dependencies:
    fs.realpath "^1.0.0"
    inflight "^1.0.4"
    inherits "2"
    minimatch "^5.0.1"
    once "^1.3.0"

gopd@^1.0.1:
  version "1.0.1"
  resolved "https://registry.npmjs.org/gopd/-/gopd-1.0.1.tgz"
  dependencies:
    get-intrinsic "^1.1.3"

graceful-fs@^4.0.0, graceful-fs@^4.1.11, graceful-fs@^4.1.6:
  version "4.2.11"
  resolved "https://registry.npmjs.org/graceful-fs/-/graceful-fs-4.2.11.tgz"

handlebars@~4.7:
  version "4.7.8"
  resolved "https://registry.npmjs.org/handlebars/-/handlebars-4.7.8.tgz"
  dependencies:
    minimist "^1.2.5"
    neo-async "^2.6.2"
    source-map "^0.6.1"
    wordwrap "^1.0.0"
  optionalDependencies:
    uglify-js "^3.1.4"

has-flag@^3.0.0:
  version "3.0.0"
  resolved "https://registry.npmjs.org/has-flag/-/has-flag-3.0.0.tgz"

has-property-descriptors@^1.0.0:
  version "1.0.1"
  resolved "https://registry.npmjs.org/has-property-descriptors/-/has-property-descriptors-1.0.1.tgz"
  dependencies:
    get-intrinsic "^1.2.2"

has-proto@^1.0.1:
  version "1.0.1"
  resolved "https://registry.npmjs.org/has-proto/-/has-proto-1.0.1.tgz"

has-symbols@^1.0.3:
  version "1.0.3"
  resolved "https://registry.npmjs.org/has-symbols/-/has-symbols-1.0.3.tgz"

hasown@^2.0.0:
  version "2.0.0"
  resolved "https://registry.npmjs.org/hasown/-/hasown-2.0.0.tgz"
  dependencies:
    function-bind "^1.1.2"

help-me@^4.0.1:
  version "4.2.0"
  resolved "https://registry.npmjs.org/help-me/-/help-me-4.2.0.tgz"
  dependencies:
    glob "^8.0.0"
    readable-stream "^3.6.0"

hpagent@~1.2:
  version "1.2.0"
  resolved "https://registry.npmjs.org/hpagent/-/hpagent-1.2.0.tgz"

http-errors@2.0.0:
  version "2.0.0"
  resolved "https://registry.npmjs.org/http-errors/-/http-errors-2.0.0.tgz"
  dependencies:
    depd "2.0.0"
    inherits "2.0.4"
    setprototypeof "1.2.0"
    statuses "2.0.1"
    toidentifier "1.0.1"

iconv-lite@0.4.24:
  version "0.4.24"
  resolved "https://registry.npmjs.org/iconv-lite/-/iconv-lite-0.4.24.tgz"
  dependencies:
    safer-buffer ">= 2.1.2 < 3"

ieee754@^1.2.1:
  version "1.2.1"
  resolved "https://registry.npmjs.org/ieee754/-/ieee754-1.2.1.tgz"

ignore-by-default@^1.0.1:
  version "1.0.1"
  resolved "https://registry.npmjs.org/ignore-by-default/-/ignore-by-default-1.0.1.tgz"

ignore@^5.1.4:
  version "5.3.0"
  resolved "https://registry.npmjs.org/ignore/-/ignore-5.3.0.tgz"

inflight@^1.0.4:
  version "1.0.6"
  resolved "https://registry.npmjs.org/inflight/-/inflight-1.0.6.tgz"
  dependencies:
    once "^1.3.0"
    wrappy "1"

inherits@2, inherits@2.0.4, inherits@^2.0.1, inherits@^2.0.3, inherits@~2.0.0, inherits@~2.0.3:
  version "2.0.4"
  resolved "https://registry.npmjs.org/inherits/-/inherits-2.0.4.tgz"

ipaddr.js@1.9.1:
  version "1.9.1"
  resolved "https://registry.npmjs.org/ipaddr.js/-/ipaddr.js-1.9.1.tgz"

is-absolute@^1.0.0:
  version "1.0.0"
  resolved "https://registry.npmjs.org/is-absolute/-/is-absolute-1.0.0.tgz"
  dependencies:
    is-relative "^1.0.0"
    is-windows "^1.0.1"

is-binary-path@~2.1.0:
  version "2.1.0"
  resolved "https://registry.npmjs.org/is-binary-path/-/is-binary-path-2.1.0.tgz"
  dependencies:
    binary-extensions "^2.0.0"

is-buffer@^1.1.5:
  version "1.1.6"
  resolved "https://registry.npmjs.org/is-buffer/-/is-buffer-1.1.6.tgz"

is-extglob@^2.1.0, is-extglob@^2.1.1:
  version "2.1.1"
  resolved "https://registry.npmjs.org/is-extglob/-/is-extglob-2.1.1.tgz"

is-glob@^3.1.0:
  version "3.1.0"
  resolved "https://registry.yarnpkg.com/is-glob/-/is-glob-3.1.0.tgz#7ba5ae24217804ac70707b96922567486cc3e84a"
  dependencies:
    is-extglob "^2.1.0"

is-glob@^4.0.1, is-glob@^4.0.3, is-glob@~4.0.1:
  version "4.0.3"
  resolved "https://registry.npmjs.org/is-glob/-/is-glob-4.0.3.tgz"
  dependencies:
    is-extglob "^2.1.1"

is-negated-glob@^1.0.0:
  version "1.0.0"
  resolved "https://registry.npmjs.org/is-negated-glob/-/is-negated-glob-1.0.0.tgz"

is-number@^7.0.0:
  version "7.0.0"
  resolved "https://registry.npmjs.org/is-number/-/is-number-7.0.0.tgz"

is-relative@^1.0.0:
  version "1.0.0"
  resolved "https://registry.npmjs.org/is-relative/-/is-relative-1.0.0.tgz"
  dependencies:
    is-unc-path "^1.0.0"

is-unc-path@^1.0.0:
  version "1.0.0"
  resolved "https://registry.npmjs.org/is-unc-path/-/is-unc-path-1.0.0.tgz"
  dependencies:
    unc-path-regex "^0.1.2"

is-utf8@^0.2.1:
  version "0.2.1"
  resolved "https://registry.npmjs.org/is-utf8/-/is-utf8-0.2.1.tgz"

is-valid-glob@^1.0.0:
  version "1.0.0"
  resolved "https://registry.npmjs.org/is-valid-glob/-/is-valid-glob-1.0.0.tgz"

is-windows@^1.0.1:
  version "1.0.2"
  resolved "https://registry.npmjs.org/is-windows/-/is-windows-1.0.2.tgz"

isarray@~1.0.0:
  version "1.0.0"
  resolved "https://registry.npmjs.org/isarray/-/isarray-1.0.0.tgz"

isomorphic-git@~1.25:
  version "1.25.6"
  resolved "https://registry.yarnpkg.com/isomorphic-git/-/isomorphic-git-1.25.6.tgz#ec8ff6b5379fa0094c09b836fd68a8ddd8b88d3b"
  dependencies:
    async-lock "^1.1.0"
    clean-git-ref "^2.0.1"
    crc-32 "^1.2.0"
    diff3 "0.0.3"
    ignore "^5.1.4"
    minimisted "^2.0.0"
    pako "^1.0.10"
    pify "^4.0.1"
    readable-stream "^3.4.0"
    sha.js "^2.4.9"
    simple-get "^4.0.1"

joycon@^3.1.1:
  version "3.1.1"
  resolved "https://registry.npmjs.org/joycon/-/joycon-3.1.1.tgz"

js-yaml@~4.1:
  version "4.1.0"
  resolved "https://registry.npmjs.org/js-yaml/-/js-yaml-4.1.0.tgz"
  dependencies:
    argparse "^2.0.1"

json-stable-stringify-without-jsonify@^1.0.1:
  version "1.0.1"
  resolved "https://registry.npmjs.org/json-stable-stringify-without-jsonify/-/json-stable-stringify-without-jsonify-1.0.1.tgz"

json5@~2.2:
  version "2.2.3"
  resolved "https://registry.npmjs.org/json5/-/json5-2.2.3.tgz"

lazystream@^1.0.0:
  version "1.0.1"
  resolved "https://registry.npmjs.org/lazystream/-/lazystream-1.0.1.tgz"
  dependencies:
    readable-stream "^2.0.5"

lead@^1.0.0:
  version "1.0.0"
  resolved "https://registry.npmjs.org/lead/-/lead-1.0.0.tgz"
  dependencies:
    flush-write-stream "^1.0.2"

lodash.clonedeep@^4.5.0:
  version "4.5.0"
  resolved "https://registry.npmjs.org/lodash.clonedeep/-/lodash.clonedeep-4.5.0.tgz"

lru-cache@^6.0.0:
  version "6.0.0"
  resolved "https://registry.npmjs.org/lru-cache/-/lru-cache-6.0.0.tgz"
  dependencies:
    yallist "^4.0.0"

media-typer@0.3.0:
  version "0.3.0"
  resolved "https://registry.npmjs.org/media-typer/-/media-typer-0.3.0.tgz"

merge-descriptors@1.0.1:
  version "1.0.1"
  resolved "https://registry.npmjs.org/merge-descriptors/-/merge-descriptors-1.0.1.tgz"

methods@~1.1.2:
  version "1.1.2"
  resolved "https://registry.npmjs.org/methods/-/methods-1.1.2.tgz"

mime-db@1.52.0:
  version "1.52.0"
  resolved "https://registry.npmjs.org/mime-db/-/mime-db-1.52.0.tgz"

mime-types@~2.1, mime-types@~2.1.24, mime-types@~2.1.34:
  version "2.1.35"
  resolved "https://registry.npmjs.org/mime-types/-/mime-types-2.1.35.tgz"
  dependencies:
    mime-db "1.52.0"

mime@1.6.0:
  version "1.6.0"
  resolved "https://registry.npmjs.org/mime/-/mime-1.6.0.tgz"

mimic-response@^3.1.0:
  version "3.1.0"
  resolved "https://registry.npmjs.org/mimic-response/-/mimic-response-3.1.0.tgz"

minimatch@^3.0.4, minimatch@^3.1.1, minimatch@^3.1.2:
  version "3.1.2"
  resolved "https://registry.npmjs.org/minimatch/-/minimatch-3.1.2.tgz"
  dependencies:
    brace-expansion "^1.1.7"

minimatch@^5.0.1:
  version "5.1.6"
  resolved "https://registry.npmjs.org/minimatch/-/minimatch-5.1.6.tgz"
  dependencies:
    brace-expansion "^2.0.1"

minimist@^1.2.5, minimist@^1.2.6:
  version "1.2.8"
  resolved "https://registry.npmjs.org/minimist/-/minimist-1.2.8.tgz"

minimisted@^2.0.0:
  version "2.0.1"
  resolved "https://registry.npmjs.org/minimisted/-/minimisted-2.0.1.tgz"
  dependencies:
    minimist "^1.2.5"

ms@2.0.0:
  version "2.0.0"
  resolved "https://registry.npmjs.org/ms/-/ms-2.0.0.tgz"

ms@2.1.2:
  version "2.1.2"
  resolved "https://registry.npmjs.org/ms/-/ms-2.1.2.tgz"

ms@2.1.3:
  version "2.1.3"
  resolved "https://registry.npmjs.org/ms/-/ms-2.1.3.tgz"

multi-progress@~4.0:
  version "4.0.0"
  resolved "https://registry.npmjs.org/multi-progress/-/multi-progress-4.0.0.tgz"

negotiator@0.6.3:
  version "0.6.3"
  resolved "https://registry.npmjs.org/negotiator/-/negotiator-0.6.3.tgz"

neo-async@^2.6.2:
  version "2.6.2"
  resolved "https://registry.npmjs.org/neo-async/-/neo-async-2.6.2.tgz"

nodemon@^3.0.2:
  version "3.0.2"
  resolved "https://registry.npmjs.org/nodemon/-/nodemon-3.0.2.tgz"
  dependencies:
    chokidar "^3.5.2"
    debug "^4"
    ignore-by-default "^1.0.1"
    minimatch "^3.1.2"
    pstree.remy "^1.1.8"
    semver "^7.5.3"
    simple-update-notifier "^2.0.0"
    supports-color "^5.5.0"
    touch "^3.1.0"
    undefsafe "^2.0.5"

nopt@~1.0.10:
  version "1.0.10"
  resolved "https://registry.npmjs.org/nopt/-/nopt-1.0.10.tgz"
  dependencies:
    abbrev "1"

normalize-path@^2.1.1:
  version "2.1.1"
  resolved "https://registry.npmjs.org/normalize-path/-/normalize-path-2.1.1.tgz"
  dependencies:
    remove-trailing-separator "^1.0.1"

normalize-path@^3.0.0, normalize-path@~3.0.0:
  version "3.0.0"
  resolved "https://registry.npmjs.org/normalize-path/-/normalize-path-3.0.0.tgz"

now-and-later@^2.0.0:
  version "2.0.1"
  resolved "https://registry.npmjs.org/now-and-later/-/now-and-later-2.0.1.tgz"
  dependencies:
    once "^1.3.2"

object-inspect@^1.9.0:
  version "1.13.1"
  resolved "https://registry.npmjs.org/object-inspect/-/object-inspect-1.13.1.tgz"

object-keys@^1.1.1:
  version "1.1.1"
  resolved "https://registry.npmjs.org/object-keys/-/object-keys-1.1.1.tgz"

object.assign@^4.0.4:
  version "4.1.5"
  resolved "https://registry.npmjs.org/object.assign/-/object.assign-4.1.5.tgz"
  dependencies:
    call-bind "^1.0.5"
    define-properties "^1.2.1"
    has-symbols "^1.0.3"
    object-keys "^1.1.1"

on-exit-leak-free@^2.1.0:
  version "2.1.2"
  resolved "https://registry.npmjs.org/on-exit-leak-free/-/on-exit-leak-free-2.1.2.tgz"

on-finished@2.4.1:
  version "2.4.1"
  resolved "https://registry.npmjs.org/on-finished/-/on-finished-2.4.1.tgz"
  dependencies:
    ee-first "1.1.1"

once@^1.3.0, once@^1.3.1, once@^1.3.2, once@^1.4.0:
  version "1.4.0"
  resolved "https://registry.npmjs.org/once/-/once-1.4.0.tgz"
  dependencies:
    wrappy "1"

ordered-read-streams@^1.0.0, ordered-read-streams@^1.0.1:
  version "1.0.1"
  resolved "https://registry.npmjs.org/ordered-read-streams/-/ordered-read-streams-1.0.1.tgz"
  dependencies:
    readable-stream "^2.0.1"

pako@^1.0.10:
  version "1.0.11"
  resolved "https://registry.npmjs.org/pako/-/pako-1.0.11.tgz"

parseurl@~1.3.3:
  version "1.3.3"
  resolved "https://registry.npmjs.org/parseurl/-/parseurl-1.3.3.tgz"

path-dirname@^1.0.0:
  version "1.0.2"
  resolved "https://registry.yarnpkg.com/path-dirname/-/path-dirname-1.0.2.tgz#cc33d24d525e099a5388c0336c6e32b9160609e0"

path-is-absolute@^1.0.0:
  version "1.0.1"
  resolved "https://registry.npmjs.org/path-is-absolute/-/path-is-absolute-1.0.1.tgz"

path-to-regexp@0.1.7:
  version "0.1.7"
  resolved "https://registry.npmjs.org/path-to-regexp/-/path-to-regexp-0.1.7.tgz"

pend@~1.2.0:
  version "1.2.0"
  resolved "https://registry.npmjs.org/pend/-/pend-1.2.0.tgz"

picomatch@^2.0.4, picomatch@^2.2.1, picomatch@~2.3:
  version "2.3.1"
  resolved "https://registry.npmjs.org/picomatch/-/picomatch-2.3.1.tgz"

pify@^4.0.1:
  version "4.0.1"
  resolved "https://registry.npmjs.org/pify/-/pify-4.0.1.tgz"

pino-abstract-transport@^1.0.0, pino-abstract-transport@v1.0.0:
  version "1.0.0"
  resolved "https://registry.npmjs.org/pino-abstract-transport/-/pino-abstract-transport-1.0.0.tgz"
  dependencies:
    readable-stream "^4.0.0"
    split2 "^4.0.0"

pino-pretty@~10.0:
  version "10.0.1"
  resolved "https://registry.npmjs.org/pino-pretty/-/pino-pretty-10.0.1.tgz"
  dependencies:
    colorette "^2.0.7"
    dateformat "^4.6.3"
    fast-copy "^3.0.0"
    fast-safe-stringify "^2.1.1"
    help-me "^4.0.1"
    joycon "^3.1.1"
    minimist "^1.2.6"
    on-exit-leak-free "^2.1.0"
    pino-abstract-transport "^1.0.0"
    pump "^3.0.0"
    readable-stream "^4.0.0"
    secure-json-parse "^2.4.0"
    sonic-boom "^3.0.0"
    strip-json-comments "^3.1.1"

pino-std-serializers@^6.0.0:
  version "6.2.2"
  resolved "https://registry.npmjs.org/pino-std-serializers/-/pino-std-serializers-6.2.2.tgz"

pino@~8.14:
  version "8.14.2"
  resolved "https://registry.npmjs.org/pino/-/pino-8.14.2.tgz"
  dependencies:
    atomic-sleep "^1.0.0"
    fast-redact "^3.1.1"
    on-exit-leak-free "^2.1.0"
    pino-abstract-transport v1.0.0
    pino-std-serializers "^6.0.0"
    process-warning "^2.0.0"
    quick-format-unescaped "^4.0.3"
    real-require "^0.2.0"
    safe-stable-stringify "^2.3.1"
    sonic-boom "^3.1.0"
    thread-stream "^2.0.0"

process-nextick-args@^2.0.0, process-nextick-args@~2.0.0:
  version "2.0.1"
  resolved "https://registry.npmjs.org/process-nextick-args/-/process-nextick-args-2.0.1.tgz"

process-warning@^2.0.0:
  version "2.3.2"
  resolved "https://registry.npmjs.org/process-warning/-/process-warning-2.3.2.tgz"

process@^0.11.10:
  version "0.11.10"
  resolved "https://registry.npmjs.org/process/-/process-0.11.10.tgz"

progress@~2.0:
  version "2.0.3"
  resolved "https://registry.npmjs.org/progress/-/progress-2.0.3.tgz"

proxy-addr@~2.0.7:
  version "2.0.7"
  resolved "https://registry.npmjs.org/proxy-addr/-/proxy-addr-2.0.7.tgz"
  dependencies:
    forwarded "0.2.0"
    ipaddr.js "1.9.1"

pstree.remy@^1.1.8:
  version "1.1.8"
  resolved "https://registry.npmjs.org/pstree.remy/-/pstree.remy-1.1.8.tgz"

pump@^2.0.0:
  version "2.0.1"
  resolved "https://registry.npmjs.org/pump/-/pump-2.0.1.tgz"
  dependencies:
    end-of-stream "^1.1.0"
    once "^1.3.1"

pump@^3.0.0:
  version "3.0.0"
  resolved "https://registry.npmjs.org/pump/-/pump-3.0.0.tgz"
  dependencies:
    end-of-stream "^1.1.0"
    once "^1.3.1"

pumpify@^1.3.5:
  version "1.5.1"
  resolved "https://registry.npmjs.org/pumpify/-/pumpify-1.5.1.tgz"
  dependencies:
    duplexify "^3.6.0"
    inherits "^2.0.3"
    pump "^2.0.0"

pumpify@^2.0.1:
  version "2.0.1"
  resolved "https://registry.npmjs.org/pumpify/-/pumpify-2.0.1.tgz"
  dependencies:
    duplexify "^4.1.1"
    inherits "^2.0.3"
    pump "^3.0.0"

qs@6.11.0:
  version "6.11.0"
  resolved "https://registry.npmjs.org/qs/-/qs-6.11.0.tgz"
  dependencies:
    side-channel "^1.0.4"

queue@^4.2.1:
  version "4.5.1"
  resolved "https://registry.npmjs.org/queue/-/queue-4.5.1.tgz"
  dependencies:
    inherits "~2.0.0"

quick-format-unescaped@^4.0.3:
  version "4.0.4"
  resolved "https://registry.npmjs.org/quick-format-unescaped/-/quick-format-unescaped-4.0.4.tgz"

range-parser@~1.2.1:
  version "1.2.1"
  resolved "https://registry.npmjs.org/range-parser/-/range-parser-1.2.1.tgz"

raw-body@2.5.1:
  version "2.5.1"
  resolved "https://registry.npmjs.org/raw-body/-/raw-body-2.5.1.tgz"
  dependencies:
    bytes "3.1.2"
    http-errors "2.0.0"
    iconv-lite "0.4.24"
    unpipe "1.0.0"

readable-stream@^2.0.0, readable-stream@^2.0.1, readable-stream@^2.0.5, readable-stream@^2.1.5, readable-stream@^2.3.3, readable-stream@^2.3.5, readable-stream@^2.3.6, readable-stream@~2.3.6:
  version "2.3.8"
  resolved "https://registry.npmjs.org/readable-stream/-/readable-stream-2.3.8.tgz"
  dependencies:
    core-util-is "~1.0.0"
    inherits "~2.0.3"
    isarray "~1.0.0"
    process-nextick-args "~2.0.0"
    safe-buffer "~5.1.1"
    string_decoder "~1.1.1"
    util-deprecate "~1.0.1"

readable-stream@^3.1.1, readable-stream@^3.4.0, readable-stream@^3.6.0:
  version "3.6.2"
  resolved "https://registry.npmjs.org/readable-stream/-/readable-stream-3.6.2.tgz"
  dependencies:
    inherits "^2.0.3"
    string_decoder "^1.1.1"
    util-deprecate "^1.0.1"

readable-stream@^4.0.0:
  version "4.5.1"
  resolved "https://registry.npmjs.org/readable-stream/-/readable-stream-4.5.1.tgz"
  dependencies:
    abort-controller "^3.0.0"
    buffer "^6.0.3"
    events "^3.3.0"
    process "^0.11.10"
    string_decoder "^1.3.0"

readdirp@~3.6.0:
  version "3.6.0"
  resolved "https://registry.npmjs.org/readdirp/-/readdirp-3.6.0.tgz"
  dependencies:
    picomatch "^2.2.1"

real-require@^0.2.0:
  version "0.2.0"
  resolved "https://registry.npmjs.org/real-require/-/real-require-0.2.0.tgz"

remove-bom-buffer@^3.0.0:
  version "3.0.0"
  resolved "https://registry.npmjs.org/remove-bom-buffer/-/remove-bom-buffer-3.0.0.tgz"
  dependencies:
    is-buffer "^1.1.5"
    is-utf8 "^0.2.1"

remove-bom-stream@^1.2.0:
  version "1.2.0"
  resolved "https://registry.npmjs.org/remove-bom-stream/-/remove-bom-stream-1.2.0.tgz"
  dependencies:
    remove-bom-buffer "^3.0.0"
    safe-buffer "^5.1.0"
    through2 "^2.0.3"

remove-trailing-separator@^1.0.1, remove-trailing-separator@^1.1.0:
  version "1.1.0"
  resolved "https://registry.npmjs.org/remove-trailing-separator/-/remove-trailing-separator-1.1.0.tgz"

replace-ext@^1.0.0:
  version "1.0.1"
  resolved "https://registry.npmjs.org/replace-ext/-/replace-ext-1.0.1.tgz"

require-from-string@~2.0:
  version "2.0.2"
  resolved "https://registry.npmjs.org/require-from-string/-/require-from-string-2.0.2.tgz"

resolve-options@^1.1.0:
  version "1.1.0"
  resolved "https://registry.npmjs.org/resolve-options/-/resolve-options-1.1.0.tgz"
  dependencies:
    value-or-function "^3.0.0"

safe-buffer@5.2.1, safe-buffer@^5.0.1, safe-buffer@^5.1.0, safe-buffer@~5.2.0:
  version "5.2.1"
  resolved "https://registry.npmjs.org/safe-buffer/-/safe-buffer-5.2.1.tgz"

safe-buffer@~5.1.0, safe-buffer@~5.1.1:
  version "5.1.2"
  resolved "https://registry.npmjs.org/safe-buffer/-/safe-buffer-5.1.2.tgz"

safe-stable-stringify@^2.3.1:
  version "2.4.3"
  resolved "https://registry.npmjs.org/safe-stable-stringify/-/safe-stable-stringify-2.4.3.tgz"

"safer-buffer@>= 2.1.2 < 3":
  version "2.1.2"
  resolved "https://registry.npmjs.org/safer-buffer/-/safer-buffer-2.1.2.tgz"

secure-json-parse@^2.4.0:
  version "2.7.0"
  resolved "https://registry.npmjs.org/secure-json-parse/-/secure-json-parse-2.7.0.tgz"

semver@^7.5.3:
  version "7.5.4"
  resolved "https://registry.npmjs.org/semver/-/semver-7.5.4.tgz"
  dependencies:
    lru-cache "^6.0.0"

send@0.18.0:
  version "0.18.0"
  resolved "https://registry.npmjs.org/send/-/send-0.18.0.tgz"
  dependencies:
    debug "2.6.9"
    depd "2.0.0"
    destroy "1.2.0"
    encodeurl "~1.0.2"
    escape-html "~1.0.3"
    etag "~1.8.1"
    fresh "0.5.2"
    http-errors "2.0.0"
    mime "1.6.0"
    ms "2.1.3"
    on-finished "2.4.1"
    range-parser "~1.2.1"
    statuses "2.0.1"

serve-static@1.15.0:
  version "1.15.0"
  resolved "https://registry.npmjs.org/serve-static/-/serve-static-1.15.0.tgz"
  dependencies:
    encodeurl "~1.0.2"
    escape-html "~1.0.3"
    parseurl "~1.3.3"
    send "0.18.0"

set-function-length@^1.1.1:
  version "1.1.1"
  resolved "https://registry.npmjs.org/set-function-length/-/set-function-length-1.1.1.tgz"
  dependencies:
    define-data-property "^1.1.1"
    get-intrinsic "^1.2.1"
    gopd "^1.0.1"
    has-property-descriptors "^1.0.0"

setprototypeof@1.2.0:
  version "1.2.0"
  resolved "https://registry.npmjs.org/setprototypeof/-/setprototypeof-1.2.0.tgz"

sha.js@^2.4.9:
  version "2.4.11"
  resolved "https://registry.npmjs.org/sha.js/-/sha.js-2.4.11.tgz"
  dependencies:
    inherits "^2.0.1"
    safe-buffer "^5.0.1"

should-proxy@~1.0:
  version "1.0.4"
  resolved "https://registry.npmjs.org/should-proxy/-/should-proxy-1.0.4.tgz"

side-channel@^1.0.4:
  version "1.0.4"
  resolved "https://registry.npmjs.org/side-channel/-/side-channel-1.0.4.tgz"
  dependencies:
    call-bind "^1.0.0"
    get-intrinsic "^1.0.2"
    object-inspect "^1.9.0"

simple-concat@^1.0.0:
  version "1.0.1"
  resolved "https://registry.npmjs.org/simple-concat/-/simple-concat-1.0.1.tgz"

simple-get@^4.0.1, simple-get@~4.0:
  version "4.0.1"
  resolved "https://registry.npmjs.org/simple-get/-/simple-get-4.0.1.tgz"
  dependencies:
    decompress-response "^6.0.0"
    once "^1.3.1"
    simple-concat "^1.0.0"

simple-update-notifier@^2.0.0:
  version "2.0.0"
  resolved "https://registry.npmjs.org/simple-update-notifier/-/simple-update-notifier-2.0.0.tgz"
  dependencies:
    semver "^7.5.3"

sonic-boom@^3.0.0, sonic-boom@^3.1.0, sonic-boom@~3.3:
  version "3.3.0"
  resolved "https://registry.npmjs.org/sonic-boom/-/sonic-boom-3.3.0.tgz"
  dependencies:
    atomic-sleep "^1.0.0"

source-map@^0.6.1:
  version "0.6.1"
  resolved "https://registry.npmjs.org/source-map/-/source-map-0.6.1.tgz"

split2@^4.0.0:
  version "4.2.0"
  resolved "https://registry.npmjs.org/split2/-/split2-4.2.0.tgz"

statuses@2.0.1:
  version "2.0.1"
  resolved "https://registry.npmjs.org/statuses/-/statuses-2.0.1.tgz"

stream-shift@^1.0.0:
  version "1.0.1"
  resolved "https://registry.npmjs.org/stream-shift/-/stream-shift-1.0.1.tgz"

string_decoder@^1.1.1, string_decoder@^1.3.0:
  version "1.3.0"
  resolved "https://registry.npmjs.org/string_decoder/-/string_decoder-1.3.0.tgz"
  dependencies:
    safe-buffer "~5.2.0"

string_decoder@~1.1.1:
  version "1.1.1"
  resolved "https://registry.npmjs.org/string_decoder/-/string_decoder-1.1.1.tgz"
  dependencies:
    safe-buffer "~5.1.0"

strip-json-comments@^3.1.1:
  version "3.1.1"
  resolved "https://registry.npmjs.org/strip-json-comments/-/strip-json-comments-3.1.1.tgz"

supports-color@^5.5.0:
  version "5.5.0"
  resolved "https://registry.npmjs.org/supports-color/-/supports-color-5.5.0.tgz"
  dependencies:
    has-flag "^3.0.0"

thread-stream@^2.0.0:
  version "2.4.1"
  resolved "https://registry.npmjs.org/thread-stream/-/thread-stream-2.4.1.tgz"
  dependencies:
    real-require "^0.2.0"

through2-filter@^3.0.0:
  version "3.0.0"
  resolved "https://registry.npmjs.org/through2-filter/-/through2-filter-3.0.0.tgz"
  dependencies:
    through2 "~2.0.0"
    xtend "~4.0.0"

through2@^2.0.0, through2@^2.0.3, through2@~2.0.0:
  version "2.0.5"
  resolved "https://registry.npmjs.org/through2/-/through2-2.0.5.tgz"
  dependencies:
    readable-stream "~2.3.6"
    xtend "~4.0.1"

through@^2.3.8:
  version "2.3.8"
  resolved "https://registry.npmjs.org/through/-/through-2.3.8.tgz"

to-absolute-glob@^2.0.0, to-absolute-glob@^2.0.2:
  version "2.0.2"
  resolved "https://registry.npmjs.org/to-absolute-glob/-/to-absolute-glob-2.0.2.tgz"
  dependencies:
    is-absolute "^1.0.0"
    is-negated-glob "^1.0.0"

to-regex-range@^5.0.1:
  version "5.0.1"
  resolved "https://registry.npmjs.org/to-regex-range/-/to-regex-range-5.0.1.tgz"
  dependencies:
    is-number "^7.0.0"

to-through@^2.0.0:
  version "2.0.0"
  resolved "https://registry.npmjs.org/to-through/-/to-through-2.0.0.tgz"
  dependencies:
    through2 "^2.0.3"

toidentifier@1.0.1:
  version "1.0.1"
  resolved "https://registry.npmjs.org/toidentifier/-/toidentifier-1.0.1.tgz"

touch@^3.1.0:
  version "3.1.0"
  resolved "https://registry.npmjs.org/touch/-/touch-3.1.0.tgz"
  dependencies:
    nopt "~1.0.10"

type-is@~1.6.18:
  version "1.6.18"
  resolved "https://registry.npmjs.org/type-is/-/type-is-1.6.18.tgz"
  dependencies:
    media-typer "0.3.0"
    mime-types "~2.1.24"

uglify-js@^3.1.4:
  version "3.17.4"
  resolved "https://registry.npmjs.org/uglify-js/-/uglify-js-3.17.4.tgz"

unc-path-regex@^0.1.2:
  version "0.1.2"
  resolved "https://registry.npmjs.org/unc-path-regex/-/unc-path-regex-0.1.2.tgz"

undefsafe@^2.0.5:
  version "2.0.5"
  resolved "https://registry.npmjs.org/undefsafe/-/undefsafe-2.0.5.tgz"

unique-stream@^2.0.2, unique-stream@^2.3.1:
  version "2.3.1"
  resolved "https://registry.npmjs.org/unique-stream/-/unique-stream-2.3.1.tgz"
  dependencies:
    json-stable-stringify-without-jsonify "^1.0.1"
    through2-filter "^3.0.0"

unpipe@1.0.0, unpipe@~1.0.0:
  version "1.0.0"
  resolved "https://registry.npmjs.org/unpipe/-/unpipe-1.0.0.tgz"

unxhr@1.0.1:
  version "1.0.1"
  resolved "https://registry.npmjs.org/unxhr/-/unxhr-1.0.1.tgz"

util-deprecate@^1.0.1, util-deprecate@~1.0.1:
  version "1.0.2"
  resolved "https://registry.npmjs.org/util-deprecate/-/util-deprecate-1.0.2.tgz"

utils-merge@1.0.1:
  version "1.0.1"
  resolved "https://registry.npmjs.org/utils-merge/-/utils-merge-1.0.1.tgz"

value-or-function@^3.0.0:
  version "3.0.0"
  resolved "https://registry.npmjs.org/value-or-function/-/value-or-function-3.0.0.tgz"

vary@~1.1.2:
  version "1.1.2"
  resolved "https://registry.npmjs.org/vary/-/vary-1.1.2.tgz"

vinyl-fs@^3.0.3, vinyl-fs@~3.0:
  version "3.0.3"
  resolved "https://registry.npmjs.org/vinyl-fs/-/vinyl-fs-3.0.3.tgz"
  dependencies:
    fs-mkdirp-stream "^1.0.0"
    glob-stream "^6.1.0"
    graceful-fs "^4.0.0"
    is-valid-glob "^1.0.0"
    lazystream "^1.0.0"
    lead "^1.0.0"
    object.assign "^4.0.4"
    pumpify "^1.3.5"
    readable-stream "^2.3.3"
    remove-bom-buffer "^3.0.0"
    remove-bom-stream "^1.2.0"
    resolve-options "^1.1.0"
    through2 "^2.0.0"
    to-through "^2.0.0"
    value-or-function "^3.0.0"
    vinyl "^2.0.0"
    vinyl-sourcemap "^1.1.0"

vinyl-sourcemap@^1.1.0:
  version "1.1.0"
  resolved "https://registry.npmjs.org/vinyl-sourcemap/-/vinyl-sourcemap-1.1.0.tgz"
  dependencies:
    append-buffer "^1.0.2"
    convert-source-map "^1.5.0"
    graceful-fs "^4.1.6"
    normalize-path "^2.1.1"
    now-and-later "^2.0.0"
    remove-bom-buffer "^3.0.0"
    vinyl "^2.0.0"

vinyl@^2.0.0, vinyl@^2.0.2, vinyl@~2.2:
  version "2.2.1"
  resolved "https://registry.npmjs.org/vinyl/-/vinyl-2.2.1.tgz"
  dependencies:
    clone "^2.1.1"
    clone-buffer "^1.0.0"
    clone-stats "^1.0.0"
    cloneable-readable "^1.0.0"
    remove-trailing-separator "^1.0.1"
    replace-ext "^1.0.0"

wordwrap@^1.0.0:
  version "1.0.0"
  resolved "https://registry.npmjs.org/wordwrap/-/wordwrap-1.0.0.tgz"

wrappy@1:
  version "1.0.2"
  resolved "https://registry.npmjs.org/wrappy/-/wrappy-1.0.2.tgz"

xdg-basedir@^3.0.0:
  version "3.0.0"
  resolved "https://registry.npmjs.org/xdg-basedir/-/xdg-basedir-3.0.0.tgz"

xtend@~4.0.0, xtend@~4.0.1:
  version "4.0.2"
  resolved "https://registry.npmjs.org/xtend/-/xtend-4.0.2.tgz"

yallist@^4.0.0:
  version "4.0.0"
  resolved "https://registry.npmjs.org/yallist/-/yallist-4.0.0.tgz"

yargs-parser@^20.2.7:
  version "20.2.9"
  resolved "https://registry.npmjs.org/yargs-parser/-/yargs-parser-20.2.9.tgz"

yauzl@^2.2.1:
  version "2.10.0"
  resolved "https://registry.npmjs.org/yauzl/-/yauzl-2.10.0.tgz"
  dependencies:
    buffer-crc32 "~0.2.3"
    fd-slicer "~1.1.0"

yazl@^2.2.1:
  version "2.5.1"
  resolved "https://registry.npmjs.org/yazl/-/yazl-2.5.1.tgz"
  dependencies:
    buffer-crc32 "~0.2.3"
